{
  "version": "4",
  "specifiers": {
    "npm:@types/node@*": "22.10.2",
    "npm:mongodb@5.6.0": "5.6.0"
  },
  "npm": {
    "@types/node@22.10.2": {
      "integrity": "sha512-Xxr6BBRCAOQixvonOye19wnzyDiUtTeqldOOmj3CkeblonbccA12PFwlufvRdrpjXxqnmUaeiU5EOA+7s5diUQ==",
      "dependencies": [
        "undici-types"
      ]
    },
    "@types/webidl-conversions@7.0.3": {
      "integrity": "sha512-CiJJvcRtIgzadHCYXw7dqEnMNRjhGZlYK05Mj9OyktqV8uVT8fD2BFOB7S1uwBE3Kj2Z+4UyPmFw/Ixgw/LAlA=="
    },
    "@types/whatwg-url@8.2.2": {
      "integrity": "sha512-FtQu10RWgn3D9U4aazdwIE2yzphmTJREDqNdODHrbrZmmMqI0vMheC/6NE/J1Yveaj8H+ela+YwWTjq5PGmuhA==",
      "dependencies": [
        "@types/node",
        "@types/webidl-conversions"
      ]
    },
    "bson@5.5.1": {
      "integrity": "sha512-ix0EwukN2EpC0SRWIj/7B5+A6uQMQy6KMREI9qQqvgpkV2frH63T0UDVd1SYedL6dNCmDBYB3QtXi4ISk9YT+g=="
    },
    "ip-address@9.0.5": {
      "integrity": "sha512-zHtQzGojZXTwZTHQqra+ETKd4Sn3vgi7uBmlPoXVWZqYvuKmtI0l/VZTjqGmJY9x88GGOaZ9+G9ES8hC4T4X8g==",
      "dependencies": [
        "jsbn",
        "sprintf-js"
      ]
    },
    "jsbn@1.1.0": {
      "integrity": "sha512-4bYVV3aAMtDTTu4+xsDYa6sy9GyJ69/amsu9sYF2zqjiEoZA5xJi3BrfX3uY+/IekIu7MwdObdbDWpoZdBv3/A=="
    },
    "memory-pager@1.5.0": {
      "integrity": "sha512-ZS4Bp4r/Zoeq6+NLJpP+0Zzm0pR8whtGPf1XExKLJBAczGMnSi3It14OiNCStjQjM6NU1okjQGSxgEZN8eBYKg=="
    },
    "mongodb-connection-string-url@2.6.0": {
      "integrity": "sha512-WvTZlI9ab0QYtTYnuMLgobULWhokRjtC7db9LtcVfJ+Hsnyr5eo6ZtNAt3Ly24XZScGMelOcGtm7lSn0332tPQ==",
      "dependencies": [
        "@types/whatwg-url",
        "whatwg-url"
      ]
    },
    "mongodb@5.6.0": {
      "integrity": "sha512-z8qVs9NfobHJm6uzK56XBZF8XwM9H294iRnB7wNjF0SnY93si5HPziIJn+qqvUR5QOff/4L0gCD6SShdR/GtVQ==",
      "dependencies": [
        "bson",
        "mongodb-connection-string-url",
        "saslprep",
        "socks"
      ]
    },
    "punycode@2.3.1": {
      "integrity": "sha512-vYt7UD1U9Wg6138shLtLOvdAu+8DsC/ilFtEVHcH+wydcSpNE20AfSOduf6MkRFahL5FY7X1oU7nKVZFtfq8Fg=="
    },
    "saslprep@1.0.3": {
      "integrity": "sha512-/MY/PEMbk2SuY5sScONwhUDsV2p77Znkb/q3nSVstq/yQzYJOH/Azh29p9oJLsl3LnQwSvZDKagDGBsBwSooag==",
      "dependencies": [
        "sparse-bitfield"
      ]
    },
    "smart-buffer@4.2.0": {
      "integrity": "sha512-94hK0Hh8rPqQl2xXc3HsaBoOXKV20MToPkcXvwbISWLEs+64sBq5kFgn2kJDHb1Pry9yrP0dxrCI9RRci7RXKg=="
    },
    "socks@2.8.4": {
      "integrity": "sha512-D3YaD0aRxR3mEcqnidIs7ReYJFVzWdd6fXJYUM8ixcQcJRGTka/b3saV0KflYhyVJXKhb947GndU35SxYNResQ==",
      "dependencies": [
        "ip-address",
        "smart-buffer"
      ]
    },
    "sparse-bitfield@3.0.3": {
      "integrity": "sha512-kvzhi7vqKTfkh0PZU+2D2PIllw2ymqJKujUcyPMd9Y75Nv4nPbGJZXNhxsgdQab2BmlDct1YnfQCguEvHr7VsQ==",
      "dependencies": [
        "memory-pager"
      ]
    },
    "sprintf-js@1.1.3": {
      "integrity": "sha512-Oo+0REFV59/rz3gfJNKQiBlwfHaSESl1pcGyABQsnnIfWOFt6JNj5gCog2U6MLZ//IGYD+nA8nI+mTShREReaA=="
    },
    "tr46@3.0.0": {
      "integrity": "sha512-l7FvfAHlcmulp8kr+flpQZmVwtu7nfRV7NZujtN0OqES8EL4O4e0qqzL0DC5gAvx/ZC/9lk6rhcUwYvkBnBnYA==",
      "dependencies": [
        "punycode"
      ]
    },
    "undici-types@6.20.0": {
      "integrity": "sha512-Ny6QZ2Nju20vw1SRHe3d9jVu6gJ+4e3+MMpqu7pqE5HT6WsTSlce++GQmK5UXS8mzV8DSYHrQH+Xrf2jVcuKNg=="
    },
    "webidl-conversions@7.0.0": {
      "integrity": "sha512-VwddBukDzu71offAQR975unBIGqfKZpM+8ZX6ySk8nYhVoo5CYaZyzt3YBvYtRtO+aoGlqxPg/B87NGVZ/fu6g=="
    },
    "whatwg-url@11.0.0": {
      "integrity": "sha512-RKT8HExMpoYx4igMiVMY83lN6UeITKJlBQ+vR/8ZJ8OCdSiN3RwCq+9gH0+Xzj0+5IrM6i4j/6LuvzbZIQgEcQ==",
      "dependencies": [
        "tr46",
        "webidl-conversions"
      ]
    }
  },
  "remote": {
    "https://cdn.skypack.dev/-/debug@v4.3.4-o4liVvMlOnQWbLSYZMXw/dist=es2019,mode=imports/optimized/debug.js": "671100993996e39b501301a87000607916d4d2d9f8fc8e9c5200ae5ba64a1389",
    "https://cdn.skypack.dev/-/ms@v2.1.2-giBDZ1IA5lmQ3ZXaa87V/dist=es2019,mode=imports/optimized/ms.js": "fd88e2d51900437011f1ad232f3393ce97db1b87a7844b3c58dd6d65562c1276",
    "https://cdn.skypack.dev/debug@4.3.4": "7b1d010cc930f71b940ba5941da055bc181115229e29de7214bdb4425c68ea76",
    "https://deno.land/std@0.119.0/_util/assert.ts": "2f868145a042a11d5ad0a3c748dcf580add8a0dbc0e876eaa0026303a5488f58",
    "https://deno.land/std@0.119.0/_util/os.ts": "dfb186cc4e968c770ab6cc3288bd65f4871be03b93beecae57d657232ecffcac",
    "https://deno.land/std@0.119.0/async/deadline.ts": "1d6ac7aeaee22f75eb86e4e105d6161118aad7b41ae2dd14f4cfd3bf97472b93",
    "https://deno.land/std@0.119.0/async/debounce.ts": "b2f693e4baa16b62793fd618de6c003b63228db50ecfe3bd51fc5f6dc0bc264b",
    "https://deno.land/std@0.119.0/async/deferred.ts": "ab60d46ba561abb3b13c0c8085d05797a384b9f182935f051dc67136817acdee",
    "https://deno.land/std@0.119.0/async/delay.ts": "f2d8ccaa8ebc26594bd8b0989edfd8a96257a714c1dee2fb54d986e5bdd840ac",
    "https://deno.land/std@0.119.0/async/mod.ts": "78425176fabea7bd1046ce3819fd69ce40da85c83e0f174d17e8e224a91f7d10",
    "https://deno.land/std@0.119.0/async/mux_async_iterator.ts": "62abff3af9ff619e8f2adc96fc70d4ca020fa48a50c23c13f12d02ed2b760dbe",
    "https://deno.land/std@0.119.0/async/pool.ts": "353ce4f91865da203a097aa6f33de8966340c91b6f4a055611c8c5d534afd12f",
    "https://deno.land/std@0.119.0/async/tee.ts": "3e9f2ef6b36e55188de16a667c702ace4ad0cf84e3720379160e062bf27348ad",
    "https://deno.land/std@0.119.0/bytes/bytes_list.ts": "3bff6a09c72b2e0b1e92e29bd3b135053894196cca07a2bba842901073efe5cb",
    "https://deno.land/std@0.119.0/bytes/equals.ts": "69f55fdbd45c71f920c1a621e6c0865dc780cd8ae34e0f5e55a9497b70c31c1b",
    "https://deno.land/std@0.119.0/bytes/mod.ts": "fedb80b8da2e7ad8dd251148e65f92a04c73d6c5a430b7d197dc39588c8dda6f",
    "https://deno.land/std@0.119.0/encoding/base64.ts": "0b58bd6477214838bf711eef43eac21e47ba9e5c81b2ce185fe25d9ecab3ebb3",
    "https://deno.land/std@0.119.0/encoding/base64url.ts": "a5c3f71c99a397f9c6da7701e7cae4c031700ae180ba68a0fc9ff9baca71e4ac",
    "https://deno.land/std@0.119.0/fmt/colors.ts": "8368ddf2d48dfe413ffd04cdbb7ae6a1009cf0dccc9c7ff1d76259d9c61a0621",
    "https://deno.land/std@0.119.0/fmt/printf.ts": "419510e0a3f7c8d680fbf6472d5a11e372854f1c2b32fca5fdb513575c485068",
    "https://deno.land/std@0.119.0/io/buffer.ts": "8f10342821b81990acf859cdccb4e4031c7c9187a0ffc3ed6b356ee29ecc6681",
    "https://deno.land/std@0.119.0/node/_buffer.js": "a43c35f89ef15c2107cba863d2cd0bd573e829a2a3b80167033da9b96066ce51",
    "https://deno.land/std@0.119.0/node/_core.ts": "8b105f152c9f8990f7558b0a0a514d4f3ab90a85c09ca60e489ca92ed5271f75",
    "https://deno.land/std@0.119.0/node/_errors.ts": "bf047995427fc15a27a182ee13021e94315fa758c1cc7c3576374876ab9f952a",
    "https://deno.land/std@0.119.0/node/_fixed_queue.ts": "ac68975e5663ea9cf2e465e91a7600fa3d5dc1a2f556cf80fd1ee25b37dbcedf",
    "https://deno.land/std@0.119.0/node/_next_tick.ts": "9b0bde39bfad9774be73b0fe9e77df757e147e2fc04784d51fe777d36d142260",
    "https://deno.land/std@0.119.0/node/_process/process.ts": "828b67fa5858e30901e11a84968b2732057cd0bea34afcf49f617498040e7dbe",
    "https://deno.land/std@0.119.0/node/_util/_debuglog.ts": "b46f7b640bad2afb8adf2b3560e6969071f9de0721dcec9e3530465ab5ec6c40",
    "https://deno.land/std@0.119.0/node/_util/_util_callbackify.ts": "a89ade5b5d989f9eb9261cd8179a5f8a1579c6a898549fab304200a85ee520b0",
    "https://deno.land/std@0.119.0/node/_util/_util_promisify.ts": "6d8d88fd81763f1074c84f4494484f9dd86182dfe46b63fe5aadd6448b767896",
    "https://deno.land/std@0.119.0/node/_utils.ts": "42e5b28e1740ba0be9b4ace2c9adb95317d9cadb099418c51ed34cd6a301cae3",
    "https://deno.land/std@0.119.0/node/buffer.ts": "cf37645cd1fc08f1afa02532dc6682cefd8cabbf44812aa9a4916e79bdd1cd11",
    "https://deno.land/std@0.119.0/node/internal/buffer.js": "21f4bfea78679e18bfebeb1d9ece1a94d337d282a2a68d43ab5ff655c2d33e56",
    "https://deno.land/std@0.119.0/node/internal/idna.ts": "6d7cce3e569fd1d9e558d63ab522700e57b998597196a4746436a62f3f8b1c7f",
    "https://deno.land/std@0.119.0/node/internal/querystring.ts": "1fdee1158205dd220c3711cce2e994bd0848abc7518d245856d142b08a266a07",
    "https://deno.land/std@0.119.0/node/internal/util.js": "11ef4e4724a4d40f1f5ed4a54e42cee3c3af0f75dcea33ac063747a6e3b9a582",
    "https://deno.land/std@0.119.0/node/internal/util/comparisons.ts": "9e6979948221ee00a105355d8a9afe47fa059a331351cbb2e11fa8e2f50749d4",
    "https://deno.land/std@0.119.0/node/internal/util/inspect.js": "2b50eb7e8b1d5a73a933f56a361262cf2f23429a8e1ca6ee47db04229bf12208",
    "https://deno.land/std@0.119.0/node/internal/util/types.ts": "31745332605771b59701baebf1655f389202b10bb787afb78e66c92486bc0332",
    "https://deno.land/std@0.119.0/node/internal/validators.js": "16b58d8ac8505897422d4ad273652a8cb36c470f470df9677700cc3b78c24c19",
    "https://deno.land/std@0.119.0/node/internal_binding/_libuv_winerror.ts": "689b8fa52dafb7a1b55f3ffceca5905f77fb2720a8b9f77c921cd598e3ef3757",
    "https://deno.land/std@0.119.0/node/internal_binding/_node.ts": "c257e872993334cfab1eaab8212d422b24f7388281f73c7bbdd9bbf1bb2a7841",
    "https://deno.land/std@0.119.0/node/internal_binding/_utils.ts": "ee6830db046e829b5c4d6df1de21f1a3d6464469a2fe303b32bc44bb171c2eeb",
    "https://deno.land/std@0.119.0/node/internal_binding/_winerror.ts": "27e4a7d78ae31e7b07faafd25fe46fa367271aec0a49f3be067f7ec160396a38",
    "https://deno.land/std@0.119.0/node/internal_binding/buffer.ts": "f92daf02083bdaf0006a06fa1f26a26436f4b7b0c5d000aff7d01da3d1aa42a5",
    "https://deno.land/std@0.119.0/node/internal_binding/constants.ts": "91c9274c8891f93262032129348b25f170162cb126dc424ec7ce8a2172812657",
    "https://deno.land/std@0.119.0/node/internal_binding/string_decoder.ts": "6aca87fb018705e34c39d6f67d610b14c8ca04a47ca58f0d1fc8d5f9281e6b7b",
    "https://deno.land/std@0.119.0/node/internal_binding/types.ts": "80621e22989a1431068bc3b7f59cab3afb42cfb4d4cd273e61fa2d11ab3abab6",
    "https://deno.land/std@0.119.0/node/internal_binding/util.ts": "446b4d704f4d588df98db9c6f9c7465c08a23f20f781ba55bcc246fb260012af",
    "https://deno.land/std@0.119.0/node/internal_binding/uv.ts": "3b722cd20508d54e4d790c825b23510a5fa4313ad42bfb8904704a738df32325",
    "https://deno.land/std@0.119.0/node/path.ts": "86b262d6957fba13d4f3d58a92ced49de4f40169d06542326b5547ff97257f0d",
    "https://deno.land/std@0.119.0/node/querystring.ts": "4f436efdd97659fe567c00f1cff233d4f5b67002ef388951db052dfe7c3de114",
    "https://deno.land/std@0.119.0/node/string_decoder.ts": "e97d4988a3490fd572fc23e64b3a33dabc4ac76c1fb82665f34dc8956d57a658",
    "https://deno.land/std@0.119.0/node/url.ts": "c58bd8adfde3833026c1c3c8f55cd14e37f9f1e4dd6b7b99c5feb4ace710e9b4",
    "https://deno.land/std@0.119.0/node/util.ts": "3be88d5d1c908f279bf7fecd77ff3933e048aa50205029fdd69280f67aea5901",
    "https://deno.land/std@0.119.0/path/_constants.ts": "1247fee4a79b70c89f23499691ef169b41b6ccf01887a0abd131009c5581b853",
    "https://deno.land/std@0.119.0/path/_interface.ts": "1fa73b02aaa24867e481a48492b44f2598cd9dfa513c7b34001437007d3642e4",
    "https://deno.land/std@0.119.0/path/_util.ts": "2e06a3b9e79beaf62687196bd4b60a4c391d862cfa007a20fc3a39f778ba073b",
    "https://deno.land/std@0.119.0/path/common.ts": "f41a38a0719a1e85aa11c6ba3bea5e37c15dd009d705bd8873f94c833568cbc4",
    "https://deno.land/std@0.119.0/path/glob.ts": "ea87985765b977cc284b92771003b2070c440e0807c90e1eb0ff3e095911a820",
    "https://deno.land/std@0.119.0/path/mod.ts": "4465dc494f271b02569edbb4a18d727063b5dbd6ed84283ff906260970a15d12",
    "https://deno.land/std@0.119.0/path/posix.ts": "34349174b9cd121625a2810837a82dd8b986bbaaad5ade690d1de75bbb4555b2",
    "https://deno.land/std@0.119.0/path/separator.ts": "8fdcf289b1b76fd726a508f57d3370ca029ae6976fcde5044007f062e643ff1c",
    "https://deno.land/std@0.119.0/path/win32.ts": "11549e8c6df8307a8efcfa47ad7b2a75da743eac7d4c89c9723a944661c8bd2e",
    "https://deno.land/std@0.119.0/streams/conversion.ts": "7ff9af42540063fa72003ab31a377ba9dde8532d43b16329b933c37a6d7aac5f",
    "https://deno.land/std@0.119.0/testing/_diff.ts": "e6a10d2aca8d6c27a9c5b8a2dbbf64353874730af539707b5b39d4128140642d",
    "https://deno.land/std@0.119.0/testing/asserts.ts": "e8bd3ff280731e2d2b48c67d6ed97ce2c0b717601ccb38816aff89edce71680d",
    "https://deno.land/std@0.157.0/_util/assert.ts": "e94f2eb37cebd7f199952e242c77654e43333c1ac4c5c700e929ea3aa5489f74",
    "https://deno.land/std@0.157.0/bytes/bytes_list.ts": "aba5e2369e77d426b10af1de0dcc4531acecec27f9b9056f4f7bfbf8ac147ab4",
    "https://deno.land/std@0.157.0/bytes/equals.ts": "3c3558c3ae85526f84510aa2b48ab2ad7bdd899e2e0f5b7a8ffc85acb3a6043a",
    "https://deno.land/std@0.157.0/bytes/mod.ts": "763f97d33051cc3f28af1a688dfe2830841192a9fea0cbaa55f927b49d49d0bf",
    "https://deno.land/std@0.157.0/io/buffer.ts": "fae02290f52301c4e0188670e730cd902f9307fb732d79c4aa14ebdc82497289",
    "https://deno.land/std@0.157.0/streams/conversion.ts": "fc4eb76a14148c43f0b85e903a5a1526391aa40ed9434dc21e34f88304eb823e",
    "https://deno.land/std@0.211.0/path/_common/assert_path.ts": "2ca275f36ac1788b2acb60fb2b79cb06027198bc2ba6fb7e163efaedde98c297",
    "https://deno.land/std@0.211.0/path/_common/basename.ts": "569744855bc8445f3a56087fd2aed56bdad39da971a8d92b138c9913aecc5fa2",
    "https://deno.land/std@0.211.0/path/_common/constants.ts": "dc5f8057159f4b48cd304eb3027e42f1148cf4df1fb4240774d3492b5d12ac0c",
    "https://deno.land/std@0.211.0/path/_common/strip_trailing_separators.ts": "7024a93447efcdcfeaa9339a98fa63ef9d53de363f1fbe9858970f1bba02655a",
    "https://deno.land/std@0.211.0/path/_os.ts": "8fb9b90fb6b753bd8c77cfd8a33c2ff6c5f5bc185f50de8ca4ac6a05710b2c15",
    "https://deno.land/std@0.211.0/path/basename.ts": "5d341aadb7ada266e2280561692c165771d071c98746fcb66da928870cd47668",
    "https://deno.land/std@0.211.0/path/posix/_util.ts": "1e3937da30f080bfc99fe45d7ed23c47dd8585c5e473b2d771380d3a6937cf9d",
    "https://deno.land/std@0.211.0/path/posix/basename.ts": "39ee27a29f1f35935d3603ccf01d53f3d6e0c5d4d0f84421e65bd1afeff42843",
    "https://deno.land/std@0.211.0/path/windows/_util.ts": "d5f47363e5293fced22c984550d5e70e98e266cc3f31769e1710511803d04808",
    "https://deno.land/std@0.211.0/path/windows/basename.ts": "e2dbf31d1d6385bfab1ce38c333aa290b6d7ae9e0ecb8234a654e583cf22f8fe",
    "https://deno.land/x/grammy@v1.35.1/bot.ts": "477241b42959a7721292259b958da0601a3f50bb6cc07a642c8f74ccc3226a6c",
    "https://deno.land/x/grammy@v1.35.1/composer.ts": "dab5a40d8a6fdc734bfb218f8b2e4ef846c05b833219ddd3fdee3f145bb2660b",
    "https://deno.land/x/grammy@v1.35.1/context.ts": "eb036b2216e2406e3ce988bde252785d18dab374a6f6277444cf0787eb6582a5",
    "https://deno.land/x/grammy@v1.35.1/convenience/constants.ts": "1560129784be52f49aa0bea8716f09ed00dac367fef195be6a2c09bdfc43fb99",
    "https://deno.land/x/grammy@v1.35.1/convenience/frameworks.ts": "e78afd522b62202053c09dc119ff282d356d85845a05af6d678a4ffa7ca3037d",
    "https://deno.land/x/grammy@v1.35.1/convenience/inline_query.ts": "409d1940c7670708064efa495003bcbfdf6763a756b2e6303c464489fd3394ff",
    "https://deno.land/x/grammy@v1.35.1/convenience/input_media.ts": "7af72a5fdb1af0417e31b1327003f536ddfdf64e06ab8bc7f5da6b574de38658",
    "https://deno.land/x/grammy@v1.35.1/convenience/keyboard.ts": "dcfdc05f51758855d31dc80637798e0ca1d7f9b85038a6e9e600522e7cdac490",
    "https://deno.land/x/grammy@v1.35.1/convenience/session.ts": "5e4b976528a0b3d7893645ac23e2e35e78671af578a3aed5efb4b621e7e9b6da",
    "https://deno.land/x/grammy@v1.35.1/convenience/webhook.ts": "722f6da8de7578ecfcd263ca07ec3b81f09e7f243fdf2a887ac0e6cab509e116",
    "https://deno.land/x/grammy@v1.35.1/core/api.ts": "4ba5944c9af82c6a7a2be5643cb92330f0509a23f5a90cc88558de563e3f9160",
    "https://deno.land/x/grammy@v1.35.1/core/client.ts": "44a9f9fd6dc7eb8ab3c57dab3f550ef5ec53142c5df16ab5501da8e3ea62dcff",
    "https://deno.land/x/grammy@v1.35.1/core/error.ts": "5245f18f273da6be364f525090c24d2e9a282c180904f674f66946f2b2556247",
    "https://deno.land/x/grammy@v1.35.1/core/payload.ts": "420e17c3c2830b5576ea187cfce77578fe09f1204b25c25ea2f220ca7c86e73b",
    "https://deno.land/x/grammy@v1.35.1/filter.ts": "19ad189e87cfaa918ae87e3de6dd64faef1d68d3ab793bd7049d50e082f30966",
    "https://deno.land/x/grammy@v1.35.1/mod.ts": "a973e356760eed1b58bc89280e6eb41bbdf74035f6348c08d6cebf50da1dac34",
    "https://deno.land/x/grammy@v1.35.1/platform.deno.ts": "68272a7e1d9a2d74d8a45342526485dbc0531dee812f675d7f8a4e7fc8393028",
    "https://deno.land/x/grammy@v1.35.1/types.deno.ts": "ab016c3569d7cf44f2992dcd5b3df63845262661948848205f1e7dda4d2ec126",
    "https://deno.land/x/grammy@v1.35.1/types.ts": "729415590dfa188dbe924dea614dff4e976babdbabb28a307b869fc25777cdf0",
    "https://deno.land/x/grammy_types@v3.19.0/api.ts": "ae04d6628e3d25ae805bc07a19475065044fc44cde0a40877405bc3544d03a5f",
    "https://deno.land/x/grammy_types@v3.19.0/inline.ts": "9afd0340eafd22acb163f2f680d58b85719f0edc92dffa4d259fc5232e543d23",
    "https://deno.land/x/grammy_types@v3.19.0/langs.ts": "5f5fd09c58ba3ae942dd7cea2696f95587d2032c1829bba4bca81762b7ef73b6",
    "https://deno.land/x/grammy_types@v3.19.0/manage.ts": "78e7e0ec5491d07cf1d8630801f8024378d812cf6bd1144074d90297cc37bd52",
    "https://deno.land/x/grammy_types@v3.19.0/markup.ts": "b989e0712f9731c59e6cb308371b1722d823dd55de3d6bcaf3e4ed645a42e1f9",
    "https://deno.land/x/grammy_types@v3.19.0/message.ts": "172e9d88d99cf4706f8ccb52c64d0d1b811e0858ce55e8c90445be723f816fcf",
    "https://deno.land/x/grammy_types@v3.19.0/methods.ts": "8d1811d03cee5fe750daa62d6fdda78a5bbabf7664a2a60a85c85906ed2fc1a9",
    "https://deno.land/x/grammy_types@v3.19.0/mod.ts": "7ecea1d3f7085d64419b78183039c78d70d655aeaa8b07f118ffbfb823f5b0b7",
    "https://deno.land/x/grammy_types@v3.19.0/passport.ts": "19820e7d6c279521f8bc8912d6a378239f73d4ab525453808994b5f44ef95215",
    "https://deno.land/x/grammy_types@v3.19.0/payment.ts": "7d00b54b1e70168834d29db60d20d46b1e2133e934499bfd5a58040cb95a598c",
    "https://deno.land/x/grammy_types@v3.19.0/settings.ts": "f8ff810da6f1007ed24cd504809bf46820229c395ff9bfc3e5c8ceaef5b2aae1",
    "https://deno.land/x/grammy_types@v3.19.0/update.ts": "71cc0d5ec860149b71415ba03282b1d7edd0466b36e2789521a3b3a3d7796493",
    "https://deno.land/x/neo4j_driver_lite@5.27.0/bolt-connection/bolt/bolt-protocol-util.js": "6188861fdee925a1085384702ada49d4102f7084697b9b38319e4d53ded11248",
    "https://deno.land/x/neo4j_driver_lite@5.27.0/bolt-connection/bolt/bolt-protocol-v1.js": "f81e4290ea83341b3151fa10f25c570f6e9bee44b4976610b316d621452f403f",
    "https://deno.land/x/neo4j_driver_lite@5.27.0/bolt-connection/bolt/bolt-protocol-v1.transformer.js": "bc5f2e7eb4a39d057a9d14cbc81d4b43b435b5c4b71d3c8917d06afd81f8774c",
    "https://deno.land/x/neo4j_driver_lite@5.27.0/bolt-connection/bolt/bolt-protocol-v2.js": "f121a291825044f7e174963d96fedecc6a57c29aca1bdc60fe6239d448531f26",
    "https://deno.land/x/neo4j_driver_lite@5.27.0/bolt-connection/bolt/bolt-protocol-v2.transformer.js": "bd1cbdbbecdabaf3d9c80824c2e92307abcfe1a9dce403a9786ea34c71a0a13c",
    "https://deno.land/x/neo4j_driver_lite@5.27.0/bolt-connection/bolt/bolt-protocol-v3.js": "7036c83e49a3906f2639717323d230486d9fddd4500d343d90ef1ec4eb3fb665",
    "https://deno.land/x/neo4j_driver_lite@5.27.0/bolt-connection/bolt/bolt-protocol-v3.transformer.js": "d14279a5c09d70ccf43750ca3930be4810fc37d38a663328f26d6f87b6b5bee3",
    "https://deno.land/x/neo4j_driver_lite@5.27.0/bolt-connection/bolt/bolt-protocol-v4x0.js": "9ebda7629bd511bc55a0ace523e1e3a8c6c06a2049eaa5c80d27bdec4451283b",
    "https://deno.land/x/neo4j_driver_lite@5.27.0/bolt-connection/bolt/bolt-protocol-v4x0.transformer.js": "a3a47856ee49c2af9bf56db608959527bc9cfbd7208ec017be8a74bb272ab7b8",
    "https://deno.land/x/neo4j_driver_lite@5.27.0/bolt-connection/bolt/bolt-protocol-v4x1.js": "b8cf09b24e660079866de4ee69f890c31eb55c162f98e0a8b947ed4f9b9c59c4",
    "https://deno.land/x/neo4j_driver_lite@5.27.0/bolt-connection/bolt/bolt-protocol-v4x1.transformer.js": "3a5ea40231c8df92c1af41c29d95d4db41ffe00f53eab0f89892f9dc978998a7",
    "https://deno.land/x/neo4j_driver_lite@5.27.0/bolt-connection/bolt/bolt-protocol-v4x2.js": "f97b2d1a99f487dc0a356f58024a10d977e5677d1e205a31637c91005ec31663",
    "https://deno.land/x/neo4j_driver_lite@5.27.0/bolt-connection/bolt/bolt-protocol-v4x2.transformer.js": "02f083dae8b1994b04c8ac773ec6a233fb59abb85450e4c3a3c15ac96bba3094",
    "https://deno.land/x/neo4j_driver_lite@5.27.0/bolt-connection/bolt/bolt-protocol-v4x3.js": "0dcba1e488bbe33b6b46dfd3ac44af235fe6741df1595c738c27808deed586b2",
    "https://deno.land/x/neo4j_driver_lite@5.27.0/bolt-connection/bolt/bolt-protocol-v4x3.transformer.js": "45b913c622f7d51b4c570aeb8b3d69305ef11845dd26d50c122c89c4a9de94d0",
    "https://deno.land/x/neo4j_driver_lite@5.27.0/bolt-connection/bolt/bolt-protocol-v4x4.js": "168f543cb415ea07a7459ddda302025639a263b0b8d4b5cddf0199c0f1de3f81",
    "https://deno.land/x/neo4j_driver_lite@5.27.0/bolt-connection/bolt/bolt-protocol-v4x4.transformer.js": "85a4fdde11f428caa01d8657d3904885a27cef0e511e9e85a4905ee3aac6a100",
    "https://deno.land/x/neo4j_driver_lite@5.27.0/bolt-connection/bolt/bolt-protocol-v5x0.js": "9c14bbaedefcfccee8eb7afa77c53603e3f8aabf0a5b2ea6bb7bc7cd4615c103",
    "https://deno.land/x/neo4j_driver_lite@5.27.0/bolt-connection/bolt/bolt-protocol-v5x0.transformer.js": "3093aa5b2543cb174b559e55a5ff9d294b7e51474ddffe345403caa082f760e6",
    "https://deno.land/x/neo4j_driver_lite@5.27.0/bolt-connection/bolt/bolt-protocol-v5x0.utc.transformer.js": "3447525c410da810896c8cd82413fae58010d3e3b4db5f5b4600898e6495997e",
    "https://deno.land/x/neo4j_driver_lite@5.27.0/bolt-connection/bolt/bolt-protocol-v5x1.js": "714de8f0ae9ff09f739ef9eb48a485e05a7806bdbe82acd0403c779c85c7d9c1",
    "https://deno.land/x/neo4j_driver_lite@5.27.0/bolt-connection/bolt/bolt-protocol-v5x1.transformer.js": "3fdcff71e4d6d258fbbb4ad64d79dd650635a5640e20fbd554b4e2f5981f046a",
    "https://deno.land/x/neo4j_driver_lite@5.27.0/bolt-connection/bolt/bolt-protocol-v5x2.js": "08331ed2f8125456fbd79bdc2bec58c617c7f5e8832a45e16bf959d499ad90d8",
    "https://deno.land/x/neo4j_driver_lite@5.27.0/bolt-connection/bolt/bolt-protocol-v5x2.transformer.js": "22a97efd4d68679dd39fea0d94dc7cbd38a46773d8254a063e7a2b3ae04e968a",
    "https://deno.land/x/neo4j_driver_lite@5.27.0/bolt-connection/bolt/bolt-protocol-v5x3.js": "adfd91290269cc99472063ecf348804bdc898926f90943ee204270ff260fd6ec",
    "https://deno.land/x/neo4j_driver_lite@5.27.0/bolt-connection/bolt/bolt-protocol-v5x3.transformer.js": "f352b5f54b5db80ba7ec51985fabb00ce5067f2f92e9bff9803d7bdc080bcf64",
    "https://deno.land/x/neo4j_driver_lite@5.27.0/bolt-connection/bolt/bolt-protocol-v5x4.js": "994b5098db3243b88647c663f392bf8a7e6a0ffae4e30a3d85244d61de87718f",
    "https://deno.land/x/neo4j_driver_lite@5.27.0/bolt-connection/bolt/bolt-protocol-v5x4.transformer.js": "966d71a5c0ff99eb40e73a3ade69d0555b1333759dde00d222447584315c31d7",
    "https://deno.land/x/neo4j_driver_lite@5.27.0/bolt-connection/bolt/bolt-protocol-v5x5.js": "e4ba4bf6e9d249b9deee6fd8f50e85009dfb7640485b240a8810961c368c30a9",
    "https://deno.land/x/neo4j_driver_lite@5.27.0/bolt-connection/bolt/bolt-protocol-v5x5.transformer.js": "43983c40de0544c36987559773d3f356d90a88b142bf8d08a56387c482cc490f",
    "https://deno.land/x/neo4j_driver_lite@5.27.0/bolt-connection/bolt/bolt-protocol-v5x6.js": "2749594f7b78b4c991815aefc67cdcc43b3872d65c40c5caef69e9ac3fda3fe4",
    "https://deno.land/x/neo4j_driver_lite@5.27.0/bolt-connection/bolt/bolt-protocol-v5x7.js": "3784bd36ad9c381c59b2d2fead2886c271fc9ffaad8d70c32027aea33a948690",
    "https://deno.land/x/neo4j_driver_lite@5.27.0/bolt-connection/bolt/create.js": "73c1bd3001e3ff7e01257c0e1c3e63e77bcbc9362ac15254060e0ee03728d9bc",
    "https://deno.land/x/neo4j_driver_lite@5.27.0/bolt-connection/bolt/handshake.js": "db796d8a8d110ca551b3bf51ad4e8076cfa63239c410952ce9bdc9257820dab2",
    "https://deno.land/x/neo4j_driver_lite@5.27.0/bolt-connection/bolt/index.js": "6b6320102de3ac69fede4512591b53522678956f1bab002742014e35eaba350f",
    "https://deno.land/x/neo4j_driver_lite@5.27.0/bolt-connection/bolt/request-message.js": "ca0e31c57a30ab2f6ee54012d03ce0bb0d1007bf3e6657a89abfaa1d984dfd53",
    "https://deno.land/x/neo4j_driver_lite@5.27.0/bolt-connection/bolt/response-handler.js": "2bdef7a1c9c8850f4ba594ba40eb97bfd2bb1e13e8e808276c34048bf6e31648",
    "https://deno.land/x/neo4j_driver_lite@5.27.0/bolt-connection/bolt/routing-table-raw.js": "d17532440c85c4e5ffa42cd2a35bd334713135f681cab5e3bb5f4b27e1d86b5f",
    "https://deno.land/x/neo4j_driver_lite@5.27.0/bolt-connection/bolt/stream-observers.js": "2586c09c5dcc726057d59069c70a931793d76ac549140fce63ffc132112e56e4",
    "https://deno.land/x/neo4j_driver_lite@5.27.0/bolt-connection/bolt/temporal-factory.js": "f23fa2154f8a450416071ad7bc4c45c4b35f307226aeeba650d64a9e1c10f44c",
    "https://deno.land/x/neo4j_driver_lite@5.27.0/bolt-connection/bolt/transformer.js": "2c73d9c235529fae3aca1cd6537786e37dc21371a342205db30cd2718d0afd58",
    "https://deno.land/x/neo4j_driver_lite@5.27.0/bolt-connection/buf/base-buf.js": "a32c0bf99542a0867099a0fc0eeef542a670f93381a368bbc28e22e1de3b1a3d",
    "https://deno.land/x/neo4j_driver_lite@5.27.0/bolt-connection/buf/index.js": "52e94c8ecf57fec12b1d6a79b72636240250e0270b3a995264854d584c4fd169",
    "https://deno.land/x/neo4j_driver_lite@5.27.0/bolt-connection/channel/channel-buf.js": "65d1906bec1cc8449e6935a049e5cab222c959a3d4dc8769c746e9fa5384e25b",
    "https://deno.land/x/neo4j_driver_lite@5.27.0/bolt-connection/channel/channel-config.js": "6b4c0a7feeba38801eae93ea81b4776025e876f6fe91f30304136baecb51c90c",
    "https://deno.land/x/neo4j_driver_lite@5.27.0/bolt-connection/channel/chunking.js": "6cb0edcd168cad7ec4245803158a5761771067d87d1c91a4edc85fa648917886",
    "https://deno.land/x/neo4j_driver_lite@5.27.0/bolt-connection/channel/combined-buf.js": "22ac829cdfb1180ec4d08b7088bc9098fe2f2757687d54452680d931d3f632cf",
    "https://deno.land/x/neo4j_driver_lite@5.27.0/bolt-connection/channel/deno/deno-channel.js": "794a1eae08276feaa19007663e9661d17034bed40e5752268874f12d3c0d7d2e",
    "https://deno.land/x/neo4j_driver_lite@5.27.0/bolt-connection/channel/deno/deno-client-certificates-loader.js": "b9faf33b51f566f1605a6f98c052b0b19b714741f80221fd016a31973b86da47",
    "https://deno.land/x/neo4j_driver_lite@5.27.0/bolt-connection/channel/deno/deno-host-name-resolver.js": "11e46fdd2899a290116f34e31ce797733a95c348ed7ef79d4b0a33f48118174d",
    "https://deno.land/x/neo4j_driver_lite@5.27.0/bolt-connection/channel/deno/index.js": "64435776e1305c37c197e43e18f02e65fdfdcbc0a4e874c844176e2cb86609e6",
    "https://deno.land/x/neo4j_driver_lite@5.27.0/bolt-connection/channel/index.js": "0af32b512036837092d4b850bb11e8bc08a6d8f211a104697593f6fda5d1381d",
    "https://deno.land/x/neo4j_driver_lite@5.27.0/bolt-connection/channel/utf8.js": "646d64b2dfe1ea7d69ed5f73848ef4fc5ed4a759bcf2698079e81166210e8f59",
    "https://deno.land/x/neo4j_driver_lite@5.27.0/bolt-connection/connection-provider/authentication-provider.js": "8f3410dd754086574744e9ef724403ba94c1b02d9b09feabc57d44ce002ee87b",
    "https://deno.land/x/neo4j_driver_lite@5.27.0/bolt-connection/connection-provider/client-certificate-holder.js": "583bf8a72f427c23593aa694a74df2b88417b9ae0d378135bacb15c25645fcca",
    "https://deno.land/x/neo4j_driver_lite@5.27.0/bolt-connection/connection-provider/connection-provider-direct.js": "6c031c0d631941d8f9271162d7645ac8d5fc39dafc5476f1960da8a4d3911ad1",
    "https://deno.land/x/neo4j_driver_lite@5.27.0/bolt-connection/connection-provider/connection-provider-pooled.js": "f81b91413ff90b06d5c4684a4a58f4c0ddb036dee4fd2f6b3e19bf296d2bd722",
    "https://deno.land/x/neo4j_driver_lite@5.27.0/bolt-connection/connection-provider/connection-provider-routing.js": "c4003692a1734d8e022cfd1dd71e6ce419f81a5a8931fd8f94706a0c563b1b6c",
    "https://deno.land/x/neo4j_driver_lite@5.27.0/bolt-connection/connection-provider/connection-provider-single.js": "27b4bdddb86970901d6846d5b791ea7ec0597359960051fcf39f26c7f092277e",
    "https://deno.land/x/neo4j_driver_lite@5.27.0/bolt-connection/connection-provider/index.js": "a07265e0efc70f05429479c0890e7db30ec2a1d885b5844adf381ce0285b6e14",
    "https://deno.land/x/neo4j_driver_lite@5.27.0/bolt-connection/connection-provider/liveness-check-provider.js": "fa72fb17681cc3fcfe97029a68bbe17e0e96d2da72d613071a81b6f0329d7d7a",
    "https://deno.land/x/neo4j_driver_lite@5.27.0/bolt-connection/connection/connection-channel.js": "316e97a8e70aabc6df195c9168a3bdb91cca0223a053b190058aa0fee03b0876",
    "https://deno.land/x/neo4j_driver_lite@5.27.0/bolt-connection/connection/connection-delegate.js": "dc23005fa9562185965b241faddd982bc4bac6fadef9a54805a8a29791f97b53",
    "https://deno.land/x/neo4j_driver_lite@5.27.0/bolt-connection/connection/connection-error-handler.js": "7cb75e2417556550baa154e7db9f79cf0ab2f6df59522a0cde023226c10b5361",
    "https://deno.land/x/neo4j_driver_lite@5.27.0/bolt-connection/connection/connection.js": "873fb4aa01d51c837f911d669cad1e8cae68455804f6ed454eaeedd6ed3bbdd8",
    "https://deno.land/x/neo4j_driver_lite@5.27.0/bolt-connection/connection/index.js": "41349a6d563ebebb557ace8b919bc793890e01e17f0b0d100a1785da5fa1d995",
    "https://deno.land/x/neo4j_driver_lite@5.27.0/bolt-connection/index.js": "199d52389c391d27b76b6ab874808690b17b7c9970c334477e2fbe9d3b96a5a7",
    "https://deno.land/x/neo4j_driver_lite@5.27.0/bolt-connection/lang/functional.js": "e5326a229dd38fac2f9623caa1465f835a835895b5a89bb645b71f7ee4c7e819",
    "https://deno.land/x/neo4j_driver_lite@5.27.0/bolt-connection/lang/index.js": "1fc9b3dcf8324eacee7aeea2afd3cb619a0c1080ed92f72d4fa0af2460f5fda6",
    "https://deno.land/x/neo4j_driver_lite@5.27.0/bolt-connection/lang/object.js": "3c4a9a3040b2bbaa42fd5cf550d2992fa2c5b602e594e45f185384d0bfff58f4",
    "https://deno.land/x/neo4j_driver_lite@5.27.0/bolt-connection/load-balancing/index.js": "99b3e2559c2646d7fb1569a8176e9cae02ca2ca20bc3f004b68458d02d7afb10",
    "https://deno.land/x/neo4j_driver_lite@5.27.0/bolt-connection/load-balancing/least-connected-load-balancing-strategy.js": "2b15f9e3b43accb615ff51a6d5b78c76b5e77a0da10e5cecaf0965632d52521a",
    "https://deno.land/x/neo4j_driver_lite@5.27.0/bolt-connection/load-balancing/load-balancing-strategy.js": "64b8f3122d0d19fefbc288098ca19b0a8c4cf0582de9f242db29fd6ad5a5b834",
    "https://deno.land/x/neo4j_driver_lite@5.27.0/bolt-connection/load-balancing/round-robin-array-index.js": "14866d564f8db3e88ff40ae5831da39fd8b56c8ea7f0a7033e4e2bff9acd5301",
    "https://deno.land/x/neo4j_driver_lite@5.27.0/bolt-connection/packstream/index.js": "b8f9a8d64a180566e601460d6f262bddd289f4f6d5439918bea505c0beea9d3e",
    "https://deno.land/x/neo4j_driver_lite@5.27.0/bolt-connection/packstream/packstream-v1.js": "6f37bcd98d2201dcaa07b235a239d59200f37ac47684bdc31c8e741fecb8fbc3",
    "https://deno.land/x/neo4j_driver_lite@5.27.0/bolt-connection/packstream/packstream-v2.js": "05ed1671fb691527595591a8953a34dd541190672f6062b928bf1fdf5d2f3f18",
    "https://deno.land/x/neo4j_driver_lite@5.27.0/bolt-connection/packstream/structure.js": "d694bdf00c72843408d7db60b619ed93bca769a00999f7433212808cbc9d3b24",
    "https://deno.land/x/neo4j_driver_lite@5.27.0/bolt-connection/rediscovery/index.js": "31df074a0d7f2447e5197ea9707fbcb67c6a66c73450d32e6028ede90ae3ce47",
    "https://deno.land/x/neo4j_driver_lite@5.27.0/bolt-connection/rediscovery/rediscovery.js": "519e2414560945b5467028b305c34a0699aa1a2bd15b5260576ef7cb6433c017",
    "https://deno.land/x/neo4j_driver_lite@5.27.0/bolt-connection/rediscovery/routing-table.js": "53dd3878f25a574a665ab310821703c3e68b9800f507fe2b787d505622d67793",
    "https://deno.land/x/neo4j_driver_lite@5.27.0/core/auth-token-manager.ts": "0710403bd4dee8de08a97a6ea5aa96c0692dee9e90e9d291826845e6e27e1748",
    "https://deno.land/x/neo4j_driver_lite@5.27.0/core/auth.ts": "9bee2a1738f721f72cab7a783f35de5f7baeaea35021161cc891c99ee57fa7cb",
    "https://deno.land/x/neo4j_driver_lite@5.27.0/core/bookmark-manager.ts": "0abd0a37804789cf4f8e0b4bdf86f37b9cf5127a515666f23469c2e2ef775cef",
    "https://deno.land/x/neo4j_driver_lite@5.27.0/core/client-certificate.ts": "85666813c1a25f89da49f1d9db76fed62e3f4abeba41e37c644634fd7ba7463e",
    "https://deno.land/x/neo4j_driver_lite@5.27.0/core/connection-provider.ts": "fa28125c2a8d95003f0b13f0f55b3b22e2240f808850ab585badb00cb044baea",
    "https://deno.land/x/neo4j_driver_lite@5.27.0/core/connection.ts": "b1a1e67ca84bdc0593959178f5b79740785792dc5906a5bf205f4f9addf4315a",
    "https://deno.land/x/neo4j_driver_lite@5.27.0/core/driver.ts": "234a7bc6a178dc9ecf8f2cca3a693d1a9351c17c79eb2881417600c35eda7ec5",
    "https://deno.land/x/neo4j_driver_lite@5.27.0/core/error.ts": "8745a0cfd762ae2e4d6820e91eefe76a92064dbeb746f73aa2dd3245a928c668",
    "https://deno.land/x/neo4j_driver_lite@5.27.0/core/gql-constants.ts": "57148e6e3101970458f41c3d33c3f6c7a1a138b89f30ed3883816ab32e696474",
    "https://deno.land/x/neo4j_driver_lite@5.27.0/core/graph-types.ts": "2b45ae83804d89721a869dffa87103ef6db731b2379cd3d47f93236690053362",
    "https://deno.land/x/neo4j_driver_lite@5.27.0/core/index.ts": "b97ab2c2fb684fa3f008464459ecd56bac800498bb838e4a2802f5384faca2a6",
    "https://deno.land/x/neo4j_driver_lite@5.27.0/core/integer.ts": "c364b286b50e152681e5ef0ab3fc5a7108f7bafe7ebebb9d3af2a242152d1ae5",
    "https://deno.land/x/neo4j_driver_lite@5.27.0/core/internal/bolt-agent/deno/bolt-agent.ts": "eb6699b7073a83be0a2bfb8279fc488236b7ee303dfdecbaa6e44ad878583df0",
    "https://deno.land/x/neo4j_driver_lite@5.27.0/core/internal/bolt-agent/deno/index.ts": "37974586224aac462eb5a0f788358bcdb43d7c921e1c0196f9ab4b4b1ad6ca58",
    "https://deno.land/x/neo4j_driver_lite@5.27.0/core/internal/bolt-agent/index.ts": "4127fdd558eb5d5c164e7e75259808d90fb924a4af1068ec63c91b7383bf7ef5",
    "https://deno.land/x/neo4j_driver_lite@5.27.0/core/internal/bookmarks.ts": "f86659f8628c89342a0fe27460ead4218ffadb25f5123315a1658957f72116ce",
    "https://deno.land/x/neo4j_driver_lite@5.27.0/core/internal/connection-holder.ts": "db620aa035610d25ae51c18a609016ce0fb34193456b9f16a3494038f324a58c",
    "https://deno.land/x/neo4j_driver_lite@5.27.0/core/internal/constants.ts": "dece8f54ae1edf86da2afd1c02b5a410ef3a6ba4139cd76f8ee59500ebc15522",
    "https://deno.land/x/neo4j_driver_lite@5.27.0/core/internal/index.ts": "c24ba0f11ceba12a7a1c5546cd249f68eca93276f09f230c57fb830dd95d2061",
    "https://deno.land/x/neo4j_driver_lite@5.27.0/core/internal/logger.ts": "0db99bd8be86d75f428a77381b7d698033973f00cd8e5520dff0a29032d6557b",
    "https://deno.land/x/neo4j_driver_lite@5.27.0/core/internal/object-util.ts": "b8312e1d75bb0b2230a4835be237e6ce88422be6ded89936fa7cb722b0de785d",
    "https://deno.land/x/neo4j_driver_lite@5.27.0/core/internal/observers.ts": "b3b2e0c0b0fd6410a557e478fcd00be63ba02cf9c4c6f076bfcdd8f6d5f3d1dc",
    "https://deno.land/x/neo4j_driver_lite@5.27.0/core/internal/pool/index.ts": "225a0e6bc78537d9c20dbac1bec3260542b53aa378eeb38f76382c1d7d19438d",
    "https://deno.land/x/neo4j_driver_lite@5.27.0/core/internal/pool/pool-config.ts": "703b5ac354977e70bcf59a6933f5cd164318752f06a1b6a7daa940cc394f6fd5",
    "https://deno.land/x/neo4j_driver_lite@5.27.0/core/internal/pool/pool.ts": "0942764da83ecc43f5f297428b3e45067397de436d18f1755670c3c42cef0fa6",
    "https://deno.land/x/neo4j_driver_lite@5.27.0/core/internal/query-executor.ts": "52cd000bc510ff6b065aea76234ca096fd6e54066a58f0bd6de29f1879fe16fe",
    "https://deno.land/x/neo4j_driver_lite@5.27.0/core/internal/resolver/base-host-name-resolver.ts": "e58bff18db8dcee558a7bf8fa60c2c5d70d7a4620083968577e8d4c056ba6fe8",
    "https://deno.land/x/neo4j_driver_lite@5.27.0/core/internal/resolver/configured-custom-resolver.ts": "2a5e42da0049100d30ea61f181cee5378c226837e3c45e606bc044943267f64c",
    "https://deno.land/x/neo4j_driver_lite@5.27.0/core/internal/resolver/index.ts": "5ca219a9f7a16c27ce0c98fad709df6ed773e05d0af57af9e4e4c2c8cad948d2",
    "https://deno.land/x/neo4j_driver_lite@5.27.0/core/internal/server-address.ts": "0fea4ffde9a3772a5e3dcee5d11ba60221f443c5fa1983f006831b36031c7229",
    "https://deno.land/x/neo4j_driver_lite@5.27.0/core/internal/temporal-util.ts": "df65f880237911082c12576b056cd56628f298d98951644a1af13d2012593631",
    "https://deno.land/x/neo4j_driver_lite@5.27.0/core/internal/transaction-executor.ts": "5e10c4e66c5d89ac403e90750353d4e4ce146f8409fefef14618fce7507d9dc8",
    "https://deno.land/x/neo4j_driver_lite@5.27.0/core/internal/tx-config.ts": "c169d23925ea9c3288bef3aafadb43262e4c09d69ee980a5b611d03c6868aaf6",
    "https://deno.land/x/neo4j_driver_lite@5.27.0/core/internal/url-util.ts": "7244377c839cb3c7aa96e14705f0c815561a42e9126acd5958733e86300ef730",
    "https://deno.land/x/neo4j_driver_lite@5.27.0/core/internal/util.ts": "b1def4fb37afe5ce4682290e15700f5cf9f883842b2362b6de515057b4021d91",
    "https://deno.land/x/neo4j_driver_lite@5.27.0/core/json.ts": "8f0c50bcdf8ef79aec98e1d94a889616ec4c0c47434ba3ca07943721e5c059b3",
    "https://deno.land/x/neo4j_driver_lite@5.27.0/core/notification-filter.ts": "a1d1b616506bd5b0fb0d3e3a87373c7a7d529c0c5e807e9918fe6cd959faaf84",
    "https://deno.land/x/neo4j_driver_lite@5.27.0/core/notification.ts": "0d83b1c4ffc7588f0b1fbd6a649b3321c4c161949f3f11ced2e94b0d7dc29988",
    "https://deno.land/x/neo4j_driver_lite@5.27.0/core/record.ts": "0e3d10db1b206773128fe325c977e0ca6fe1c5f5faf5aa80a0ac817e5e9fbddc",
    "https://deno.land/x/neo4j_driver_lite@5.27.0/core/result-eager.ts": "7161607d3226d8568bdcfb5ab0a0dc73875124a59288afe0443d2f4d5d51f39c",
    "https://deno.land/x/neo4j_driver_lite@5.27.0/core/result-summary.ts": "36485b6e603640dcc91e8aca3dff076f2ee9a3312ff7970abd22e1d42bcb5934",
    "https://deno.land/x/neo4j_driver_lite@5.27.0/core/result-transformers.ts": "30d27753dea5f2048a61e4394e16e4388d3af8b46c5368f049d76bd006ddd1f2",
    "https://deno.land/x/neo4j_driver_lite@5.27.0/core/result.ts": "51c4f566e892b8f1810deea49505e113fef9b47aad3e773b9adaae4fb014af76",
    "https://deno.land/x/neo4j_driver_lite@5.27.0/core/session.ts": "92222e7bf1c888127baba3dad15023343bd9b3eae754a66bc354aaf1b2b2a960",
    "https://deno.land/x/neo4j_driver_lite@5.27.0/core/spatial-types.ts": "20a7961ee212c33424ff6dcbf989a67b304af4b01d13adb6532d43193aba40de",
    "https://deno.land/x/neo4j_driver_lite@5.27.0/core/temporal-types.ts": "b6ef9d829cbc761534d73ae4cd44a47e91dc9345093722b1e0e4e5936f1007fa",
    "https://deno.land/x/neo4j_driver_lite@5.27.0/core/transaction-managed.ts": "8a7739723115b1ac143f2a641b91c21c4c42858ce1eeb8e3adbf3f67d6305735",
    "https://deno.land/x/neo4j_driver_lite@5.27.0/core/transaction-promise.ts": "159824b8132b743a48ee519482890fd3c3a7af95fd90bd6c37fad010e3f96db9",
    "https://deno.land/x/neo4j_driver_lite@5.27.0/core/transaction.ts": "a81060e86943bf7cbef7a42b6206e9f02d5fdefbae7f3ab792abefbee95d4df5",
    "https://deno.land/x/neo4j_driver_lite@5.27.0/core/types.ts": "abcd1dbaf3d1a0947b8ae269f1ddff2eea9f4e161a458496fc2e79ac002605e5",
    "https://deno.land/x/neo4j_driver_lite@5.27.0/logging.ts": "66d1f9eab651da3759b8cb9b46506edcb1610bb25e379a733045f7c28d41ff50",
    "https://deno.land/x/neo4j_driver_lite@5.27.0/mod.ts": "5d5a32df405780238aa0ee36eceb85b370a4a173d727ef01941922a034f33ade",
    "https://deno.land/x/neo4j_driver_lite@5.27.0/version.ts": "1f98565498d3e78f3c8e004efda4e17cbef009d41fd247ce4406af9828312b1f",
    "https://deno.land/x/openai@v4.69.0/_shims/MultipartBody.ts": "fe06a56b54ae358c9cf99823096e34b36795fdba2e17513f0e9539210edd797d",
    "https://deno.land/x/openai@v4.69.0/_shims/mod.ts": "2e253cb26bfa7060bd37e45626e60e4bf3e7b3fb3e0f559fdfdeef94c73f9372",
    "https://deno.land/x/openai@v4.69.0/_vendor/partial-json-parser/parser.ts": "5ee7caf85edb570fb4b95a81e8fb48fc3c9450b70a46efe7f9c1a2010738d060",
    "https://deno.land/x/openai@v4.69.0/core.ts": "1a22d633616438e05192c7220c2e6206ce16fb1c46316a50ac4b0e786b1617cb",
    "https://deno.land/x/openai@v4.69.0/error.ts": "ffe2c1e6a373a88593c70289b94a44a508a925fde16807e489fa146b538f37de",
    "https://deno.land/x/openai@v4.69.0/internal/decoders/line.ts": "6ca47bdd694f2b96506012aa3f4d23a82d71d44dbe66f6f07d62e4733b161bfb",
    "https://deno.land/x/openai@v4.69.0/internal/qs/formats.ts": "7bbe68548238a984644a723bd045614c5b0e81c1a0ae5c3acc050931442d67d7",
    "https://deno.land/x/openai@v4.69.0/internal/qs/mod.ts": "eab02831aa5e2896d12b824cebf9b2c3a0fc718e8488a05b6d7c2d35895c102a",
    "https://deno.land/x/openai@v4.69.0/internal/qs/stringify.ts": "777514fc7107d6878a8ac80897bd4ca6f9be7ecf67ecf51f57359ec5e7186763",
    "https://deno.land/x/openai@v4.69.0/internal/qs/utils.ts": "9a2ecb6321ed49aa4e6f7cd7a47778365c7c3778283264c7c5e1756bfd7b97d1",
    "https://deno.land/x/openai@v4.69.0/lib/AbstractChatCompletionRunner.ts": "be24ad750e83495a1ec0ea2a6695798f6210e5f939a5d358597f3e46836c7d7c",
    "https://deno.land/x/openai@v4.69.0/lib/AssistantStream.ts": "4d7ab356cc77299e98a5926908ed080de2af0083bba6a1ffeb5509bc8f8d0a9d",
    "https://deno.land/x/openai@v4.69.0/lib/ChatCompletionRunner.ts": "f2038e4b0000d59bdfe601703ca9326085e493ba4b90ed8186a61d75d2377248",
    "https://deno.land/x/openai@v4.69.0/lib/ChatCompletionStream.ts": "4cb95561b01aa471895d398f1461a96c7272b0efd2c010ad1d4b9620a7ae1f47",
    "https://deno.land/x/openai@v4.69.0/lib/ChatCompletionStreamingRunner.ts": "35f8658c5fb354a724f59eca13731523bf565520b5923c00d995b09e2ea9a56f",
    "https://deno.land/x/openai@v4.69.0/lib/EventStream.ts": "14836091490ea45c9d1168dd91c179dbad7757ca7c7f953049f2bce10b0cbf6e",
    "https://deno.land/x/openai@v4.69.0/lib/RunnableFunction.ts": "640a9d35f27b470a95711d841295ccc530b851dec274f9a70bcd12cb04041545",
    "https://deno.land/x/openai@v4.69.0/lib/Util.ts": "aa555aecdbba8b0ae2e8a982a6797cabc0942fa0d2e99ce629d243d9032941b8",
    "https://deno.land/x/openai@v4.69.0/lib/chatCompletionUtils.ts": "4991d3e698a54f8e4273eb0f1d73851f7ba549a0a32fabbcd739627677003cb9",
    "https://deno.land/x/openai@v4.69.0/lib/jsonschema.ts": "ed31a7861e19e505c43aa7612579b2739243ee8e8dd47ccb5f8908fa5ff3b5f0",
    "https://deno.land/x/openai@v4.69.0/lib/parser.ts": "1461923499c521d97bdb7223adc228b3e1073f52d7d7c48822423081b8cc5c0c",
    "https://deno.land/x/openai@v4.69.0/mod.ts": "c6a4cb63aa253223a0de019872b6ec6fdbeb5dcec321e35a520484b3fea91904",
    "https://deno.land/x/openai@v4.69.0/pagination.ts": "02a6737ca6c987cab6effa2788327d022b9e0edc95dd98db0be986383f484e22",
    "https://deno.land/x/openai@v4.69.0/resource.ts": "c496dbda8dc6324d25fcef3d7233310935259d6aa0baf4b0d95039e4913f6380",
    "https://deno.land/x/openai@v4.69.0/resources/audio/audio.ts": "45b72cb5faa51c5823d7cc6b7629887373a0f3ccff6509c2d591ef08f1429a56",
    "https://deno.land/x/openai@v4.69.0/resources/audio/speech.ts": "406fd5cb6d9799dfbad09f4c9156797114550552f63d9a1822846b4e79f1950e",
    "https://deno.land/x/openai@v4.69.0/resources/audio/transcriptions.ts": "c0c9bdfb7a8c118947c70e8bb0d6e3e448c2a7dbf79ebfaa8beca5398dad87cb",
    "https://deno.land/x/openai@v4.69.0/resources/audio/translations.ts": "b09cafa74f0f4e9a6d78a687d898d1d9057556142c7df6d5b469f2693a8911d9",
    "https://deno.land/x/openai@v4.69.0/resources/batches.ts": "c74d0c40fd748fae60107297a10a62a1a98a646ac2a1b20e9be8499bdceeda57",
    "https://deno.land/x/openai@v4.69.0/resources/beta/assistants.ts": "dcf463ceb2424d6cbf8a3785c7d4074226b4a45388567773e5b88d62b81d871b",
    "https://deno.land/x/openai@v4.69.0/resources/beta/beta.ts": "18d141633c9ca356feed84f71789d37a0076f711012de4f0120a50226f9eaf88",
    "https://deno.land/x/openai@v4.69.0/resources/beta/chat/chat.ts": "80dc8786a4b895e9fb152495496f44ac669e95fbb9c2f5a3c0bd379f408b1e1c",
    "https://deno.land/x/openai@v4.69.0/resources/beta/chat/completions.ts": "4599a35da9351cd58ab46e536c3f62e207762f64655786de1f931438c125bf57",
    "https://deno.land/x/openai@v4.69.0/resources/beta/threads/messages.ts": "51acea64463644078110c67e280a49f630a8cefa62d7cff20c8e2e1fa10ebf0d",
    "https://deno.land/x/openai@v4.69.0/resources/beta/threads/runs/runs.ts": "a26a407ef55673e38e6c51abc8623a6469aed59d8a8fdde8706993e54694cb27",
    "https://deno.land/x/openai@v4.69.0/resources/beta/threads/runs/steps.ts": "6c4860df114632ff38fafb2e1dc7485b77dcf88570bc07544016c847db4ed21b",
    "https://deno.land/x/openai@v4.69.0/resources/beta/threads/threads.ts": "e410ba22441ce0d8dcfc155a5b57823189ff77ece733f6e8b932db4f3706f22f",
    "https://deno.land/x/openai@v4.69.0/resources/beta/vector-stores/file-batches.ts": "9b727c0aa5306580bfc0c474ce1871968707dfa3906fba05d737f95cc05af406",
    "https://deno.land/x/openai@v4.69.0/resources/beta/vector-stores/files.ts": "fff8fa00e3df2608741e7b83a95264b3bf9400bf9fe820e2a5ae72d7ea3f0198",
    "https://deno.land/x/openai@v4.69.0/resources/beta/vector-stores/vector-stores.ts": "544bdb83534d746d5577801c092a92e1d515571d68fa6509954089b11e813c91",
    "https://deno.land/x/openai@v4.69.0/resources/chat/chat.ts": "8209074deaa9a91a7c0fb660eba0bf09358c450cb0e9a2c0ed3df902e05658f6",
    "https://deno.land/x/openai@v4.69.0/resources/chat/completions.ts": "86e69cd410849236487f72a2086045c3a350de9b34552c2eb1716252c0f45268",
    "https://deno.land/x/openai@v4.69.0/resources/chat/mod.ts": "5bf995771df8aa7e86c1ede244f3d710841fb60276456e016a2f5fca595f3388",
    "https://deno.land/x/openai@v4.69.0/resources/completions.ts": "eed691559845988ce6ae9149fd4529977addb38174cb94165ebb7fc101fe052d",
    "https://deno.land/x/openai@v4.69.0/resources/embeddings.ts": "f85f38aeb2963535a11065b4a1852e07ab5428ec1b0b7997d3d1027f0d4adc4d",
    "https://deno.land/x/openai@v4.69.0/resources/files.ts": "b3edff249bbd1bd29c4bac1d2d32dfb44e9afbea0cbf31f37b240748059cff55",
    "https://deno.land/x/openai@v4.69.0/resources/fine-tuning/fine-tuning.ts": "5cb89d96fc6d914ae2d68257a4d08a1f12c140c12b7892a14393177ca9c4ca2b",
    "https://deno.land/x/openai@v4.69.0/resources/fine-tuning/jobs/checkpoints.ts": "d5a62d828186fb54b50ac2aa0f82a8f9b0c66a7ece0728e79e30cf6e19251bdf",
    "https://deno.land/x/openai@v4.69.0/resources/fine-tuning/jobs/jobs.ts": "cce555739996ad8611963b2d68d328c757fa1535fa8fc347982ca8fae2d3d7ac",
    "https://deno.land/x/openai@v4.69.0/resources/images.ts": "5774e74b1e88b7ba696272fac83a41c1558737d2640da64bcdfb11ba253b0943",
    "https://deno.land/x/openai@v4.69.0/resources/mod.ts": "feac7be25f772e37663e9764a5c6ba6d95ee8aa44a664e119a858bd8c005f52f",
    "https://deno.land/x/openai@v4.69.0/resources/models.ts": "fc8620e0d93158560be0e941bbb298870c7f85515ec2a411602fb46a1269ea93",
    "https://deno.land/x/openai@v4.69.0/resources/moderations.ts": "b9fb1e5f9597b46628f0181decbbcef7abf54bfbe0f57953669e6c26b45ed6ee",
    "https://deno.land/x/openai@v4.69.0/resources/shared.ts": "79abd8e478551d04209384197e86a7bc390a5a3de5d10b0f60aa67c9af4ad3b4",
    "https://deno.land/x/openai@v4.69.0/resources/uploads/parts.ts": "261610445bbbacdf913aec27d9084dbdd95c524b5eb74c0a3b9cb650d6135584",
    "https://deno.land/x/openai@v4.69.0/resources/uploads/uploads.ts": "6d42e5238aecba708eed1b48ad5eab37d7a9950d06e5f74aa059c8b94cfeff36",
    "https://deno.land/x/openai@v4.69.0/streaming.ts": "cde0b254d2a56e2e737b93a80109bead39ebfe9a44595f4d6625a3e1b56311d0",
    "https://deno.land/x/openai@v4.69.0/uploads.ts": "8dd7822de2fdb6a46be3941af43788000d4a2b56104180403f68999370d04542",
    "https://deno.land/x/openai@v4.69.0/version.ts": "b3c8e3c467769a9a5fc99440804b57eacfa99303e796e22350972a77d67744c2"
  },
  "workspace": {
    "dependencies": [
      "jsr:@std/fs@^1.0.5",
      "jsr:@std/path@*"
    ],
    "members": {
      "engine": {
        "dependencies": [
          "npm:mongodb@5.6.0"
        ]
      }
    }
  }
}
